// !$*UTF8*$!
{
	archiveVersion = 1;
	classes = {
	};
	objectVersion = 46;
	objects = {

/* Begin PBXBuildFile section */
		280A495219CCB4A1004A6E17 /* MapKit.framework in Frameworks */ = {isa = PBXBuildFile; fileRef = 280A495119CCB4A1004A6E17 /* MapKit.framework */; };
		2817D00619CA00610055BC8A /* CandyListTableViewController.m in Sources */ = {isa = PBXBuildFile; fileRef = 2817D00519CA00610055BC8A /* CandyListTableViewController.m */; };
		2817D00C19CA0C630055BC8A /* CandyDetailViewController.m in Sources */ = {isa = PBXBuildFile; fileRef = 2817D00B19CA0C630055BC8A /* CandyDetailViewController.m */; };
		2817D01319CA570D0055BC8A /* CandyEnlargedImageViewController.m in Sources */ = {isa = PBXBuildFile; fileRef = 2817D01219CA570D0055BC8A /* CandyEnlargedImageViewController.m */; };
		2817D01919CA57B10055BC8A /* CandyMapViewController.m in Sources */ = {isa = PBXBuildFile; fileRef = 2817D01819CA57B10055BC8A /* CandyMapViewController.m */; };
		2860249819D1FE9F0080D938 /* Candy.m in Sources */ = {isa = PBXBuildFile; fileRef = 2860249719D1FE9F0080D938 /* Candy.m */; };
		2860249E19D2247D0080D938 /* ChatViewController.m in Sources */ = {isa = PBXBuildFile; fileRef = 2860249D19D2247D0080D938 /* ChatViewController.m */; };
		286024A119D240150080D938 /* Message.m in Sources */ = {isa = PBXBuildFile; fileRef = 286024A019D240150080D938 /* Message.m */; };
		28A9C59519CFD4C600727D6A /* Annotation.m in Sources */ = {isa = PBXBuildFile; fileRef = 28A9C59419CFD4C600727D6A /* Annotation.m */; };
		28D8578519C8C2030082F42D /* main.m in Sources */ = {isa = PBXBuildFile; fileRef = 28D8578419C8C2030082F42D /* main.m */; };
		28D8578819C8C2040082F42D /* AppDelegate.m in Sources */ = {isa = PBXBuildFile; fileRef = 28D8578719C8C2040082F42D /* AppDelegate.m */; };
		28D8578B19C8C2040082F42D /* Candy_Store.xcdatamodeld in Sources */ = {isa = PBXBuildFile; fileRef = 28D8578919C8C2040082F42D /* Candy_Store.xcdatamodeld */; };
		28D8578E19C8C2040082F42D /* ViewController.m in Sources */ = {isa = PBXBuildFile; fileRef = 28D8578D19C8C2040082F42D /* ViewController.m */; };
		28D8579119C8C2040082F42D /* Main.storyboard in Resources */ = {isa = PBXBuildFile; fileRef = 28D8578F19C8C2040082F42D /* Main.storyboard */; };
		28D8579319C8C2040082F42D /* Images.xcassets in Resources */ = {isa = PBXBuildFile; fileRef = 28D8579219C8C2040082F42D /* Images.xcassets */; };
		28D8579619C8C2040082F42D /* LaunchScreen.xib in Resources */ = {isa = PBXBuildFile; fileRef = 28D8579419C8C2040082F42D /* LaunchScreen.xib */; };
		28D857A219C8C2040082F42D /* Candy_StoreTests.m in Sources */ = {isa = PBXBuildFile; fileRef = 28D857A119C8C2040082F42D /* Candy_StoreTests.m */; };
/* End PBXBuildFile section */

/* Begin PBXContainerItemProxy section */
		28D8579C19C8C2040082F42D /* PBXContainerItemProxy */ = {
			isa = PBXContainerItemProxy;
			containerPortal = 28D8577719C8C2030082F42D /* Project object */;
			proxyType = 1;
			remoteGlobalIDString = 28D8577E19C8C2030082F42D;
			remoteInfo = "Candy Store";
		};
/* End PBXContainerItemProxy section */

/* Begin PBXFileReference section */
		280A495119CCB4A1004A6E17 /* MapKit.framework */ = {isa = PBXFileReference; lastKnownFileType = wrapper.framework; name = MapKit.framework; path = System/Library/Frameworks/MapKit.framework; sourceTree = SDKROOT; };
		2817D00419CA00610055BC8A /* CandyListTableViewController.h */ = {isa = PBXFileReference; fileEncoding = 4; lastKnownFileType = sourcecode.c.h; path = CandyListTableViewController.h; sourceTree = "<group>"; };
		2817D00519CA00610055BC8A /* CandyListTableViewController.m */ = {isa = PBXFileReference; fileEncoding = 4; lastKnownFileType = sourcecode.c.objc; path = CandyListTableViewController.m; sourceTree = "<group>"; };
		2817D00A19CA0C630055BC8A /* CandyDetailViewController.h */ = {isa = PBXFileReference; fileEncoding = 4; lastKnownFileType = sourcecode.c.h; path = CandyDetailViewController.h; sourceTree = "<group>"; };
		2817D00B19CA0C630055BC8A /* CandyDetailViewController.m */ = {isa = PBXFileReference; fileEncoding = 4; lastKnownFileType = sourcecode.c.objc; path = CandyDetailViewController.m; sourceTree = "<group>"; };
		2817D01119CA570D0055BC8A /* CandyEnlargedImageViewController.h */ = {isa = PBXFileReference; fileEncoding = 4; lastKnownFileType = sourcecode.c.h; path = CandyEnlargedImageViewController.h; sourceTree = "<group>"; };
		2817D01219CA570D0055BC8A /* CandyEnlargedImageViewController.m */ = {isa = PBXFileReference; fileEncoding = 4; lastKnownFileType = sourcecode.c.objc; path = CandyEnlargedImageViewController.m; sourceTree = "<group>"; };
		2817D01719CA57B10055BC8A /* CandyMapViewController.h */ = {isa = PBXFileReference; fileEncoding = 4; lastKnownFileType = sourcecode.c.h; name = CandyMapViewController.h; path = ../CandyMapViewController.h; sourceTree = "<group>"; };
		2817D01819CA57B10055BC8A /* CandyMapViewController.m */ = {isa = PBXFileReference; fileEncoding = 4; lastKnownFileType = sourcecode.c.objc; name = CandyMapViewController.m; path = ../CandyMapViewController.m; sourceTree = "<group>"; };
		2860249619D1FE9F0080D938 /* Candy.h */ = {isa = PBXFileReference; fileEncoding = 4; lastKnownFileType = sourcecode.c.h; path = Candy.h; sourceTree = "<group>"; };
		2860249719D1FE9F0080D938 /* Candy.m */ = {isa = PBXFileReference; fileEncoding = 4; lastKnownFileType = sourcecode.c.objc; path = Candy.m; sourceTree = "<group>"; };
		2860249C19D2247D0080D938 /* ChatViewController.h */ = {isa = PBXFileReference; fileEncoding = 4; lastKnownFileType = sourcecode.c.h; path = ChatViewController.h; sourceTree = "<group>"; };
		2860249D19D2247D0080D938 /* ChatViewController.m */ = {isa = PBXFileReference; fileEncoding = 4; lastKnownFileType = sourcecode.c.objc; path = ChatViewController.m; sourceTree = "<group>"; };
		2860249F19D240150080D938 /* Message.h */ = {isa = PBXFileReference; fileEncoding = 4; lastKnownFileType = sourcecode.c.h; path = Message.h; sourceTree = "<group>"; };
		286024A019D240150080D938 /* Message.m */ = {isa = PBXFileReference; fileEncoding = 4; lastKnownFileType = sourcecode.c.objc; path = Message.m; sourceTree = "<group>"; };
		28A9C59319CFD4C600727D6A /* Annotation.h */ = {isa = PBXFileReference; fileEncoding = 4; lastKnownFileType = sourcecode.c.h; path = Annotation.h; sourceTree = "<group>"; };
		28A9C59419CFD4C600727D6A /* Annotation.m */ = {isa = PBXFileReference; fileEncoding = 4; lastKnownFileType = sourcecode.c.objc; path = Annotation.m; sourceTree = "<group>"; };
		28D8577F19C8C2030082F42D /* Candy Store.app */ = {isa = PBXFileReference; explicitFileType = wrapper.application; includeInIndex = 0; path = "Candy Store.app"; sourceTree = BUILT_PRODUCTS_DIR; };
		28D8578319C8C2030082F42D /* Info.plist */ = {isa = PBXFileReference; lastKnownFileType = text.plist.xml; path = Info.plist; sourceTree = "<group>"; };
		28D8578419C8C2030082F42D /* main.m */ = {isa = PBXFileReference; lastKnownFileType = sourcecode.c.objc; path = main.m; sourceTree = "<group>"; };
		28D8578619C8C2030082F42D /* AppDelegate.h */ = {isa = PBXFileReference; lastKnownFileType = sourcecode.c.h; path = AppDelegate.h; sourceTree = "<group>"; };
		28D8578719C8C2040082F42D /* AppDelegate.m */ = {isa = PBXFileReference; lastKnownFileType = sourcecode.c.objc; path = AppDelegate.m; sourceTree = "<group>"; };
		28D8578A19C8C2040082F42D /* Candy_Store.xcdatamodel */ = {isa = PBXFileReference; lastKnownFileType = wrapper.xcdatamodel; path = Candy_Store.xcdatamodel; sourceTree = "<group>"; };
		28D8578C19C8C2040082F42D /* ViewController.h */ = {isa = PBXFileReference; lastKnownFileType = sourcecode.c.h; path = ViewController.h; sourceTree = "<group>"; };
		28D8578D19C8C2040082F42D /* ViewController.m */ = {isa = PBXFileReference; lastKnownFileType = sourcecode.c.objc; path = ViewController.m; sourceTree = "<group>"; };
		28D8579019C8C2040082F42D /* Base */ = {isa = PBXFileReference; lastKnownFileType = file.storyboard; name = Base; path = Base.lproj/Main.storyboard; sourceTree = "<group>"; };
		28D8579219C8C2040082F42D /* Images.xcassets */ = {isa = PBXFileReference; lastKnownFileType = folder.assetcatalog; path = Images.xcassets; sourceTree = "<group>"; };
		28D8579519C8C2040082F42D /* Base */ = {isa = PBXFileReference; lastKnownFileType = file.xib; name = Base; path = Base.lproj/LaunchScreen.xib; sourceTree = "<group>"; };
		28D8579B19C8C2040082F42D /* Candy StoreTests.xctest */ = {isa = PBXFileReference; explicitFileType = wrapper.cfbundle; includeInIndex = 0; path = "Candy StoreTests.xctest"; sourceTree = BUILT_PRODUCTS_DIR; };
		28D857A019C8C2040082F42D /* Info.plist */ = {isa = PBXFileReference; lastKnownFileType = text.plist.xml; path = Info.plist; sourceTree = "<group>"; };
		28D857A119C8C2040082F42D /* Candy_StoreTests.m */ = {isa = PBXFileReference; lastKnownFileType = sourcecode.c.objc; path = Candy_StoreTests.m; sourceTree = "<group>"; };
/* End PBXFileReference section */

/* Begin PBXFrameworksBuildPhase section */
		28D8577C19C8C2030082F42D /* Frameworks */ = {
			isa = PBXFrameworksBuildPhase;
			buildActionMask = 2147483647;
			files = (
				280A495219CCB4A1004A6E17 /* MapKit.framework in Frameworks */,
			);
			runOnlyForDeploymentPostprocessing = 0;
		};
		28D8579819C8C2040082F42D /* Frameworks */ = {
			isa = PBXFrameworksBuildPhase;
			buildActionMask = 2147483647;
			files = (
			);
			runOnlyForDeploymentPostprocessing = 0;
		};
/* End PBXFrameworksBuildPhase section */

/* Begin PBXGroup section */
		28D8577619C8C2030082F42D = {
			isa = PBXGroup;
			children = (
				28D8578119C8C2030082F42D /* Candy Store */,
				28D8579E19C8C2040082F42D /* Candy StoreTests */,
				28D8578019C8C2030082F42D /* Products */,
				280A495119CCB4A1004A6E17 /* MapKit.framework */,
			);
			sourceTree = "<group>";
		};
		28D8578019C8C2030082F42D /* Products */ = {
			isa = PBXGroup;
			children = (
				28D8577F19C8C2030082F42D /* Candy Store.app */,
				28D8579B19C8C2040082F42D /* Candy StoreTests.xctest */,
			);
			name = Products;
			sourceTree = "<group>";
		};
		28D8578119C8C2030082F42D /* Candy Store */ = {
			isa = PBXGroup;
			children = (
				28D8578619C8C2030082F42D /* AppDelegate.h */,
				28D8578719C8C2040082F42D /* AppDelegate.m */,
				28D8578C19C8C2040082F42D /* ViewController.h */,
				28D8578D19C8C2040082F42D /* ViewController.m */,
				28D8578F19C8C2040082F42D /* Main.storyboard */,
				2860249619D1FE9F0080D938 /* Candy.h */,
				2860249719D1FE9F0080D938 /* Candy.m */,
				2817D00419CA00610055BC8A /* CandyListTableViewController.h */,
				2817D00519CA00610055BC8A /* CandyListTableViewController.m */,
				2817D00A19CA0C630055BC8A /* CandyDetailViewController.h */,
				2817D00B19CA0C630055BC8A /* CandyDetailViewController.m */,
				2817D01119CA570D0055BC8A /* CandyEnlargedImageViewController.h */,
				2817D01219CA570D0055BC8A /* CandyEnlargedImageViewController.m */,
				2817D01719CA57B10055BC8A /* CandyMapViewController.h */,
				2817D01819CA57B10055BC8A /* CandyMapViewController.m */,
				28A9C59319CFD4C600727D6A /* Annotation.h */,
				28A9C59419CFD4C600727D6A /* Annotation.m */,
				2860249C19D2247D0080D938 /* ChatViewController.h */,
				2860249D19D2247D0080D938 /* ChatViewController.m */,
				2860249F19D240150080D938 /* Message.h */,
				286024A019D240150080D938 /* Message.m */,
				28D8579219C8C2040082F42D /* Images.xcassets */,
				28D8579419C8C2040082F42D /* LaunchScreen.xib */,
				28D8578919C8C2040082F42D /* Candy_Store.xcdatamodeld */,
				28D8578219C8C2030082F42D /* Supporting Files */,
			);
			path = "Candy Store";
			sourceTree = "<group>";
		};
		28D8578219C8C2030082F42D /* Supporting Files */ = {
			isa = PBXGroup;
			children = (
				28D8578319C8C2030082F42D /* Info.plist */,
				28D8578419C8C2030082F42D /* main.m */,
			);
			name = "Supporting Files";
			sourceTree = "<group>";
		};
		28D8579E19C8C2040082F42D /* Candy StoreTests */ = {
			isa = PBXGroup;
			children = (
				28D857A119C8C2040082F42D /* Candy_StoreTests.m */,
				28D8579F19C8C2040082F42D /* Supporting Files */,
			);
			path = "Candy StoreTests";
			sourceTree = "<group>";
		};
		28D8579F19C8C2040082F42D /* Supporting Files */ = {
			isa = PBXGroup;
			children = (
				28D857A019C8C2040082F42D /* Info.plist */,
			);
			name = "Supporting Files";
			sourceTree = "<group>";
		};
/* End PBXGroup section */

/* Begin PBXNativeTarget section */
		28D8577E19C8C2030082F42D /* Candy Store */ = {
			isa = PBXNativeTarget;
			buildConfigurationList = 28D857A519C8C2040082F42D /* Build configuration list for PBXNativeTarget "Candy Store" */;
			buildPhases = (
				28D8577B19C8C2030082F42D /* Sources */,
				28D8577C19C8C2030082F42D /* Frameworks */,
				28D8577D19C8C2030082F42D /* Resources */,
			);
			buildRules = (
			);
			dependencies = (
			);
			name = "Candy Store";
			productName = "Candy Store";
			productReference = 28D8577F19C8C2030082F42D /* Candy Store.app */;
			productType = "com.apple.product-type.application";
		};
		28D8579A19C8C2040082F42D /* Candy StoreTests */ = {
			isa = PBXNativeTarget;
			buildConfigurationList = 28D857A819C8C2040082F42D /* Build configuration list for PBXNativeTarget "Candy StoreTests" */;
			buildPhases = (
				28D8579719C8C2040082F42D /* Sources */,
				28D8579819C8C2040082F42D /* Frameworks */,
				28D8579919C8C2040082F42D /* Resources */,
			);
			buildRules = (
			);
			dependencies = (
				28D8579D19C8C2040082F42D /* PBXTargetDependency */,
			);
			name = "Candy StoreTests";
			productName = "Candy StoreTests";
			productReference = 28D8579B19C8C2040082F42D /* Candy StoreTests.xctest */;
			productType = "com.apple.product-type.bundle.unit-test";
		};
/* End PBXNativeTarget section */

/* Begin PBXProject section */
		28D8577719C8C2030082F42D /* Project object */ = {
			isa = PBXProject;
			attributes = {
				LastUpgradeCheck = 0600;
				ORGANIZATIONNAME = MakeSchool;
				TargetAttributes = {
					28D8577E19C8C2030082F42D = {
						CreatedOnToolsVersion = 6.0;
					};
					28D8579A19C8C2040082F42D = {
						CreatedOnToolsVersion = 6.0;
						TestTargetID = 28D8577E19C8C2030082F42D;
					};
				};
			};
			buildConfigurationList = 28D8577A19C8C2030082F42D /* Build configuration list for PBXProject "Candy Store" */;
			compatibilityVersion = "Xcode 3.2";
			developmentRegion = English;
			hasScannedForEncodings = 0;
			knownRegions = (
				en,
				Base,
			);
			mainGroup = 28D8577619C8C2030082F42D;
			productRefGroup = 28D8578019C8C2030082F42D /* Products */;
			projectDirPath = "";
			projectRoot = "";
			targets = (
				28D8577E19C8C2030082F42D /* Candy Store */,
				28D8579A19C8C2040082F42D /* Candy StoreTests */,
			);
		};
/* End PBXProject section */

/* Begin PBXResourcesBuildPhase section */
		28D8577D19C8C2030082F42D /* Resources */ = {
			isa = PBXResourcesBuildPhase;
			buildActionMask = 2147483647;
			files = (
				28D8579119C8C2040082F42D /* Main.storyboard in Resources */,
				28D8579619C8C2040082F42D /* LaunchScreen.xib in Resources */,
				28D8579319C8C2040082F42D /* Images.xcassets in Resources */,
			);
			runOnlyForDeploymentPostprocessing = 0;
		};
		28D8579919C8C2040082F42D /* Resources */ = {
			isa = PBXResourcesBuildPhase;
			buildActionMask = 2147483647;
			files = (
			);
			runOnlyForDeploymentPostprocessing = 0;
		};
/* End PBXResourcesBuildPhase section */

/* Begin PBXSourcesBuildPhase section */
		28D8577B19C8C2030082F42D /* Sources */ = {
			isa = PBXSourcesBuildPhase;
			buildActionMask = 2147483647;
			files = (
				28A9C59519CFD4C600727D6A /* Annotation.m in Sources */,
				286024A119D240150080D938 /* Message.m in Sources */,
				2817D01919CA57B10055BC8A /* CandyMapViewController.m in Sources */,
				2860249E19D2247D0080D938 /* ChatViewController.m in Sources */,
				2817D01319CA570D0055BC8A /* CandyEnlargedImageViewController.m in Sources */,
				28D8578819C8C2040082F42D /* AppDelegate.m in Sources */,
				28D8578519C8C2030082F42D /* main.m in Sources */,
				2817D00619CA00610055BC8A /* CandyListTableViewController.m in Sources */,
				28D8578E19C8C2040082F42D /* ViewController.m in Sources */,
				2817D00C19CA0C630055BC8A /* CandyDetailViewController.m in Sources */,
				28D8578B19C8C2040082F42D /* Candy_Store.xcdatamodeld in Sources */,
				2860249819D1FE9F0080D938 /* Candy.m in Sources */,
			);
			runOnlyForDeploymentPostprocessing = 0;
		};
		28D8579719C8C2040082F42D /* Sources */ = {
			isa = PBXSourcesBuildPhase;
			buildActionMask = 2147483647;
			files = (
				28D857A219C8C2040082F42D /* Candy_StoreTests.m in Sources */,
			);
			runOnlyForDeploymentPostprocessing = 0;
		};
/* End PBXSourcesBuildPhase section */

/* Begin PBXTargetDependency section */
		28D8579D19C8C2040082F42D /* PBXTargetDependency */ = {
			isa = PBXTargetDependency;
			target = 28D8577E19C8C2030082F42D /* Candy Store */;
			targetProxy = 28D8579C19C8C2040082F42D /* PBXContainerItemProxy */;
		};
/* End PBXTargetDependency section */

/* Begin PBXVariantGroup section */
		28D8578F19C8C2040082F42D /* Main.storyboard */ = {
			isa = PBXVariantGroup;
			children = (
				28D8579019C8C2040082F42D /* Base */,
			);
			name = Main.storyboard;
			sourceTree = "<group>";
		};
		28D8579419C8C2040082F42D /* LaunchScreen.xib */ = {
			isa = PBXVariantGroup;
			children = (
				28D8579519C8C2040082F42D /* Base */,
			);
			name = LaunchScreen.xib;
			sourceTree = "<group>";
		};
/* End PBXVariantGroup section */

/* Begin XCBuildConfiguration section */
		28D857A319C8C2040082F42D /* Debug */ = {
			isa = XCBuildConfiguration;
			buildSettings = {
				ALWAYS_SEARCH_USER_PATHS = NO;
				CLANG_CXX_LANGUAGE_STANDARD = "gnu++0x";
				CLANG_CXX_LIBRARY = "libc++";
				CLANG_ENABLE_MODULES = YES;
				CLANG_ENABLE_OBJC_ARC = YES;
				CLANG_WARN_BOOL_CONVERSION = YES;
				CLANG_WARN_CONSTANT_CONVERSION = YES;
				CLANG_WARN_DIRECT_OBJC_ISA_USAGE = YES_ERROR;
				CLANG_WARN_EMPTY_BODY = YES;
				CLANG_WARN_ENUM_CONVERSION = YES;
				CLANG_WARN_INT_CONVERSION = YES;
				CLANG_WARN_OBJC_ROOT_CLASS = YES_ERROR;
				CLANG_WARN_UNREACHABLE_CODE = YES;
				CLANG_WARN__DUPLICATE_METHOD_MATCH = YES;
				"CODE_SIGN_IDENTITY[sdk=iphoneos*]" = "iPhone Developer";
				COPY_PHASE_STRIP = NO;
				ENABLE_STRICT_OBJC_MSGSEND = YES;
				GCC_C_LANGUAGE_STANDARD = gnu99;
				GCC_DYNAMIC_NO_PIC = NO;
				GCC_OPTIMIZATION_LEVEL = 0;
				GCC_PREPROCESSOR_DEFINITIONS = (
					"DEBUG=1",
					"$(inherited)",
				);
				GCC_SYMBOLS_PRIVATE_EXTERN = NO;
				GCC_WARN_64_TO_32_BIT_CONVERSION = YES;
				GCC_WARN_ABOUT_RETURN_TYPE = YES_ERROR;
				GCC_WARN_UNDECLARED_SELECTOR = YES;
				GCC_WARN_UNINITIALIZED_AUTOS = YES_AGGRESSIVE;
				GCC_WARN_UNUSED_FUNCTION = YES;
				GCC_WARN_UNUSED_VARIABLE = YES;
				IPHONEOS_DEPLOYMENT_TARGET = 8.0;
				MTL_ENABLE_DEBUG_INFO = YES;
				ONLY_ACTIVE_ARCH = YES;
				SDKROOT = iphoneos;
			};
			name = Debug;
		};
		28D857A419C8C2040082F42D /* Release */ = {
			isa = XCBuildConfiguration;
			buildSettings = {
				ALWAYS_SEARCH_USER_PATHS = NO;
				CLANG_CXX_LANGUAGE_STANDARD = "gnu++0x";
				CLANG_CXX_LIBRARY = "libc++";
				CLANG_ENABLE_MODULES = YES;
				CLANG_ENABLE_OBJC_ARC = YES;
				CLANG_WARN_BOOL_CONVERSION = YES;
				CLANG_WARN_CONSTANT_CONVERSION = YES;
				CLANG_WARN_DIRECT_OBJC_ISA_USAGE = YES_ERROR;
				CLANG_WARN_EMPTY_BODY = YES;
				CLANG_WARN_ENUM_CONVERSION = YES;
				CLANG_WARN_INT_CONVERSION = YES;
				CLANG_WARN_OBJC_ROOT_CLASS = YES_ERROR;
				CLANG_WARN_UNREACHABLE_CODE = YES;
				CLANG_WARN__DUPLICATE_METHOD_MATCH = YES;
				"CODE_SIGN_IDENTITY[sdk=iphoneos*]" = "iPhone Developer";
				COPY_PHASE_STRIP = YES;
				ENABLE_NS_ASSERTIONS = NO;
				ENABLE_STRICT_OBJC_MSGSEND = YES;
				GCC_C_LANGUAGE_STANDARD = gnu99;
				GCC_WARN_64_TO_32_BIT_CONVERSION = YES;
				GCC_WARN_ABOUT_RETURN_TYPE = YES_ERROR;
				GCC_WARN_UNDECLARED_SELECTOR = YES;
				GCC_WARN_UNINITIALIZED_AUTOS = YES_AGGRESSIVE;
				GCC_WARN_UNUSED_FUNCTION = YES;
				GCC_WARN_UNUSED_VARIABLE = YES;
				IPHONEOS_DEPLOYMENT_TARGET = 8.0;
				MTL_ENABLE_DEBUG_INFO = NO;
				SDKROOT = iphoneos;
				VALIDATE_PRODUCT = YES;
			};
			name = Release;
		};
		28D857A619C8C2040082F42D /* Debug */ = {
			isa = XCBuildConfiguration;
			buildSettings = {
				ASSETCATALOG_COMPILER_APPICON_NAME = AppIcon;
				INFOPLIST_FILE = "Candy Store/Info.plist";
				LD_RUNPATH_SEARCH_PATHS = "$(inherited) @executable_path/Frameworks";
				PRODUCT_NAME = "$(TARGET_NAME)";
			};
			name = Debug;
		};
		28D857A719C8C2040082F42D /* Release */ = {
			isa = XCBuildConfiguration;
			buildSettings = {
				ASSETCATALOG_COMPILER_APPICON_NAME = AppIcon;
				INFOPLIST_FILE = "Candy Store/Info.plist";
				LD_RUNPATH_SEARCH_PATHS = "$(inherited) @executable_path/Frameworks";
				PRODUCT_NAME = "$(TARGET_NAME)";
			};
			name = Release;
		};
		28D857A919C8C2040082F42D /* Debug */ = {
			isa = XCBuildConfiguration;
			buildSettings = {
				BUNDLE_LOADER = "$(TEST_HOST)";
				FRAMEWORK_SEARCH_PATHS = (
					"$(SDKROOT)/Developer/Library/Frameworks",
					"$(inherited)",
				);
				GCC_PREPROCESSOR_DEFINITIONS = (
					"DEBUG=1",
					"$(inherited)",
				);
				INFOPLIST_FILE = "Candy StoreTests/Info.plist";
				LD_RUNPATH_SEARCH_PATHS = "$(inherited) @executable_path/Frameworks @loader_path/Frameworks";
				PRODUCT_NAME = "$(TARGET_NAME)";
				TEST_HOST = "$(BUILT_PRODUCTS_DIR)/Candy Store.app/Candy Store";
			};
			name = Debug;
		};
		28D857AA19C8C2040082F42D /* Release */ = {
			isa = XCBuildConfiguration;
			buildSettings = {
				BUNDLE_LOADER = "$(TEST_HOST)";
				FRAMEWORK_SEARCH_PATHS = (
					"$(SDKROOT)/Developer/Library/Frameworks",
					"$(inherited)",
				);
				INFOPLIST_FILE = "Candy StoreTests/Info.plist";
				LD_RUNPATH_SEARCH_PATHS = "$(inherited) @executable_path/Frameworks @loader_path/Frameworks";
				PRODUCT_NAME = "$(TARGET_NAME)";
				TEST_HOST = "$(BUILT_PRODUCTS_DIR)/Candy Store.app/Candy Store";
			};
			name = Release;
		};
/* End XCBuildConfiguration section */

/* Begin XCConfigurationList section */
		28D8577A19C8C2030082F42D /* Build configuration list for PBXProject "Candy Store" */ = {
			isa = XCConfigurationList;
			buildConfigurations = (
				28D857A319C8C2040082F42D /* Debug */,
				28D857A419C8C2040082F42D /* Release */,
			);
			defaultConfigurationIsVisible = 0;
			defaultConfigurationName = Release;
		};
		28D857A519C8C2040082F42D /* Build configuration list for PBXNativeTarget "Candy Store" */ = {
			isa = XCConfigurationList;
			buildConfigurations = (
				28D857A619C8C2040082F42D /* Debug */,
				28D857A719C8C2040082F42D /* Release */,
			);
			defaultConfigurationIsVisible = 0;
			defaultConfigurationName = Release;
		};
		28D857A819C8C2040082F42D /* Build configuration list for PBXNativeTarget "Candy StoreTests" */ = {
			isa = XCConfigurationList;
			buildConfigurations = (
				28D857A919C8C2040082F42D /* Debug */,
				28D857AA19C8C2040082F42D /* Release */,
			);
			defaultConfigurationIsVisible = 0;
			defaultConfigurationName = Release;
		};
/* End XCConfigurationList section */

/* Begin XCVersionGroup section */
		28D8578919C8C2040082F42D /* Candy_Store.xcdatamodeld */ = {
			isa = XCVersionGroup;
			children = (
				28D8578A19C8C2040082F42D /* Candy_Store.xcdatamodel */,
			);
			currentVersion = 28D8578A19C8C2040082F42D /* Candy_Store.xcdatamodel */;
			path = Candy_Store.xcdatamodeld;
			sourceTree = "<group>";
			versionGroupType = wrapper.xcdatamodel;
		};
/* End XCVersionGroup section */
	};
	rootObject = 28D8577719C8C2030082F42D /* Project object */;
}
